// !$*UTF8*$!
{
	archiveVersion = 1;
	classes = {
	};
	objectVersion = 46;
	objects = {

/* Begin PBXBuildFile section */
		0719755019F88A81002A8AC4 /* main.m in Sources */ = {isa = PBXBuildFile; fileRef = 0719754F19F88A81002A8AC4 /* main.m */; };
		0719755319F88A81002A8AC4 /* AppDelegate.m in Sources */ = {isa = PBXBuildFile; fileRef = 0719755219F88A81002A8AC4 /* AppDelegate.m */; };
		0719755619F88A81002A8AC4 /* ViewController.m in Sources */ = {isa = PBXBuildFile; fileRef = 0719755519F88A81002A8AC4 /* ViewController.m */; };
		0719755919F88A81002A8AC4 /* Main.storyboard in Resources */ = {isa = PBXBuildFile; fileRef = 0719755719F88A81002A8AC4 /* Main.storyboard */; };
		0719755B19F88A81002A8AC4 /* Images.xcassets in Resources */ = {isa = PBXBuildFile; fileRef = 0719755A19F88A81002A8AC4 /* Images.xcassets */; };
		0719755E19F88A81002A8AC4 /* LaunchScreen.xib in Resources */ = {isa = PBXBuildFile; fileRef = 0719755C19F88A81002A8AC4 /* LaunchScreen.xib */; };
		0719756A19F88A81002A8AC4 /* MapEditorTests.m in Sources */ = {isa = PBXBuildFile; fileRef = 0719756919F88A81002A8AC4 /* MapEditorTests.m */; };
/* End PBXBuildFile section */

/* Begin PBXContainerItemProxy section */
		0719756419F88A81002A8AC4 /* PBXContainerItemProxy */ = {
			isa = PBXContainerItemProxy;
			containerPortal = 0719754219F88A80002A8AC4 /* Project object */;
			proxyType = 1;
			remoteGlobalIDString = 0719754919F88A81002A8AC4;
			remoteInfo = MapEditor;
		};
/* End PBXContainerItemProxy section */

/* Begin PBXFileReference section */
		0719754A19F88A81002A8AC4 /* MapEditor.app */ = {isa = PBXFileReference; explicitFileType = wrapper.application; includeInIndex = 0; path = MapEditor.app; sourceTree = BUILT_PRODUCTS_DIR; };
		0719754E19F88A81002A8AC4 /* Info.plist */ = {isa = PBXFileReference; lastKnownFileType = text.plist.xml; path = Info.plist; sourceTree = "<group>"; };
		0719754F19F88A81002A8AC4 /* main.m */ = {isa = PBXFileReference; lastKnownFileType = sourcecode.c.objc; path = main.m; sourceTree = "<group>"; };
		0719755119F88A81002A8AC4 /* AppDelegate.h */ = {isa = PBXFileReference; lastKnownFileType = sourcecode.c.h; path = AppDelegate.h; sourceTree = "<group>"; };
		0719755219F88A81002A8AC4 /* AppDelegate.m */ = {isa = PBXFileReference; lastKnownFileType = sourcecode.c.objc; path = AppDelegate.m; sourceTree = "<group>"; };
		0719755419F88A81002A8AC4 /* ViewController.h */ = {isa = PBXFileReference; lastKnownFileType = sourcecode.c.h; path = ViewController.h; sourceTree = "<group>"; };
		0719755519F88A81002A8AC4 /* ViewController.m */ = {isa = PBXFileReference; lastKnownFileType = sourcecode.c.objc; path = ViewController.m; sourceTree = "<group>"; };
		0719755819F88A81002A8AC4 /* Base */ = {isa = PBXFileReference; lastKnownFileType = file.storyboard; name = Base; path = Base.lproj/Main.storyboard; sourceTree = "<group>"; };
		0719755A19F88A81002A8AC4 /* Images.xcassets */ = {isa = PBXFileReference; lastKnownFileType = folder.assetcatalog; path = Images.xcassets; sourceTree = "<group>"; };
		0719755D19F88A81002A8AC4 /* Base */ = {isa = PBXFileReference; lastKnownFileType = file.xib; name = Base; path = Base.lproj/LaunchScreen.xib; sourceTree = "<group>"; };
		0719756319F88A81002A8AC4 /* MapEditorTests.xctest */ = {isa = PBXFileReference; explicitFileType = wrapper.cfbundle; includeInIndex = 0; path = MapEditorTests.xctest; sourceTree = BUILT_PRODUCTS_DIR; };
		0719756819F88A81002A8AC4 /* Info.plist */ = {isa = PBXFileReference; lastKnownFileType = text.plist.xml; path = Info.plist; sourceTree = "<group>"; };
		0719756919F88A81002A8AC4 /* MapEditorTests.m */ = {isa = PBXFileReference; lastKnownFileType = sourcecode.c.objc; path = MapEditorTests.m; sourceTree = "<group>"; };
/* End PBXFileReference section */

/* Begin PBXFrameworksBuildPhase section */
		0719754719F88A81002A8AC4 /* Frameworks */ = {
			isa = PBXFrameworksBuildPhase;
			buildActionMask = 2147483647;
			files = (
			);
			runOnlyForDeploymentPostprocessing = 0;
		};
		0719756019F88A81002A8AC4 /* Frameworks */ = {
			isa = PBXFrameworksBuildPhase;
			buildActionMask = 2147483647;
			files = (
			);
			runOnlyForDeploymentPostprocessing = 0;
		};
/* End PBXFrameworksBuildPhase section */

/* Begin PBXGroup section */
		0719754119F88A80002A8AC4 = {
			isa = PBXGroup;
			children = (
				0719754C19F88A81002A8AC4 /* MapEditor */,
				0719756619F88A81002A8AC4 /* MapEditorTests */,
				0719754B19F88A81002A8AC4 /* Products */,
			);
			sourceTree = "<group>";
		};
		0719754B19F88A81002A8AC4 /* Products */ = {
			isa = PBXGroup;
			children = (
				0719754A19F88A81002A8AC4 /* MapEditor.app */,
				0719756319F88A81002A8AC4 /* MapEditorTests.xctest */,
			);
			name = Products;
			sourceTree = "<group>";
		};
		0719754C19F88A81002A8AC4 /* MapEditor */ = {
			isa = PBXGroup;
			children = (
				0719755119F88A81002A8AC4 /* AppDelegate.h */,
				0719755219F88A81002A8AC4 /* AppDelegate.m */,
				0719755419F88A81002A8AC4 /* ViewController.h */,
				0719755519F88A81002A8AC4 /* ViewController.m */,
				0719755719F88A81002A8AC4 /* Main.storyboard */,
				0719755A19F88A81002A8AC4 /* Images.xcassets */,
				0719755C19F88A81002A8AC4 /* LaunchScreen.xib */,
				0719754D19F88A81002A8AC4 /* Supporting Files */,
			);
			path = MapEditor;
			sourceTree = "<group>";
		};
		0719754D19F88A81002A8AC4 /* Supporting Files */ = {
			isa = PBXGroup;
			children = (
				0719754E19F88A81002A8AC4 /* Info.plist */,
				0719754F19F88A81002A8AC4 /* main.m */,
			);
			name = "Supporting Files";
			sourceTree = "<group>";
		};
		0719756619F88A81002A8AC4 /* MapEditorTests */ = {
			isa = PBXGroup;
			children = (
				0719756919F88A81002A8AC4 /* MapEditorTests.m */,
				0719756719F88A81002A8AC4 /* Supporting Files */,
			);
			path = MapEditorTests;
			sourceTree = "<group>";
		};
		0719756719F88A81002A8AC4 /* Supporting Files */ = {
			isa = PBXGroup;
			children = (
				0719756819F88A81002A8AC4 /* Info.plist */,
			);
			name = "Supporting Files";
			sourceTree = "<group>";
		};
/* End PBXGroup section */

/* Begin PBXNativeTarget section */
		0719754919F88A81002A8AC4 /* MapEditor */ = {
			isa = PBXNativeTarget;
			buildConfigurationList = 0719756D19F88A81002A8AC4 /* Build configuration list for PBXNativeTarget "MapEditor" */;
			buildPhases = (
				0719754619F88A81002A8AC4 /* Sources */,
				0719754719F88A81002A8AC4 /* Frameworks */,
				0719754819F88A81002A8AC4 /* Resources */,
			);
			buildRules = (
			);
			dependencies = (
			);
			name = MapEditor;
			productName = MapEditor;
			productReference = 0719754A19F88A81002A8AC4 /* MapEditor.app */;
			productType = "com.apple.product-type.application";
		};
		0719756219F88A81002A8AC4 /* MapEditorTests */ = {
			isa = PBXNativeTarget;
			buildConfigurationList = 0719757019F88A81002A8AC4 /* Build configuration list for PBXNativeTarget "MapEditorTests" */;
			buildPhases = (
				0719755F19F88A81002A8AC4 /* Sources */,
				0719756019F88A81002A8AC4 /* Frameworks */,
				0719756119F88A81002A8AC4 /* Resources */,
			);
			buildRules = (
			);
			dependencies = (
				0719756519F88A81002A8AC4 /* PBXTargetDependency */,
			);
			name = MapEditorTests;
			productName = MapEditorTests;
			productReference = 0719756319F88A81002A8AC4 /* MapEditorTests.xctest */;
			productType = "com.apple.product-type.bundle.unit-test";
		};
/* End PBXNativeTarget section */

/* Begin PBXProject section */
		0719754219F88A80002A8AC4 /* Project object */ = {
			isa = PBXProject;
			attributes = {
				LastUpgradeCheck = 0600;
				ORGANIZATIONNAME = "ビザンコムマック０９";
				TargetAttributes = {
					0719754919F88A81002A8AC4 = {
						CreatedOnToolsVersion = 6.0.1;
					};
					0719756219F88A81002A8AC4 = {
						CreatedOnToolsVersion = 6.0.1;
						TestTargetID = 0719754919F88A81002A8AC4;
					};
				};
			};
			buildConfigurationList = 0719754519F88A80002A8AC4 /* Build configuration list for PBXProject "MapEditor" */;
			compatibilityVersion = "Xcode 3.2";
			developmentRegion = English;
			hasScannedForEncodings = 0;
			knownRegions = (
				en,
				Base,
			);
			mainGroup = 0719754119F88A80002A8AC4;
			productRefGroup = 0719754B19F88A81002A8AC4 /* Products */;
			projectDirPath = "";
			projectRoot = "";
			targets = (
				0719754919F88A81002A8AC4 /* MapEditor */,
				0719756219F88A81002A8AC4 /* MapEditorTests */,
			);
		};
/* End PBXProject section */

/* Begin PBXResourcesBuildPhase section */
		0719754819F88A81002A8AC4 /* Resources */ = {
			isa = PBXResourcesBuildPhase;
			buildActionMask = 2147483647;
			files = (
				0719755919F88A81002A8AC4 /* Main.storyboard in Resources */,
				0719755E19F88A81002A8AC4 /* LaunchScreen.xib in Resources */,
				0719755B19F88A81002A8AC4 /* Images.xcassets in Resources */,
			);
			runOnlyForDeploymentPostprocessing = 0;
		};
		0719756119F88A81002A8AC4 /* Resources */ = {
			isa = PBXResourcesBuildPhase;
			buildActionMask = 2147483647;
			files = (
			);
			runOnlyForDeploymentPostprocessing = 0;
		};
/* End PBXResourcesBuildPhase section */

/* Begin PBXSourcesBuildPhase section */
		0719754619F88A81002A8AC4 /* Sources */ = {
			isa = PBXSourcesBuildPhase;
			buildActionMask = 2147483647;
			files = (
				0719755619F88A81002A8AC4 /* ViewController.m in Sources */,
				0719755319F88A81002A8AC4 /* AppDelegate.m in Sources */,
				0719755019F88A81002A8AC4 /* main.m in Sources */,
			);
			runOnlyForDeploymentPostprocessing = 0;
		};
		0719755F19F88A81002A8AC4 /* Sources */ = {
			isa = PBXSourcesBuildPhase;
			buildActionMask = 2147483647;
			files = (
				0719756A19F88A81002A8AC4 /* MapEditorTests.m in Sources */,
			);
			runOnlyForDeploymentPostprocessing = 0;
		};
/* End PBXSourcesBuildPhase section */

/* Begin PBXTargetDependency section */
		0719756519F88A81002A8AC4 /* PBXTargetDependency */ = {
			isa = PBXTargetDependency;
			target = 0719754919F88A81002A8AC4 /* MapEditor */;
			targetProxy = 0719756419F88A81002A8AC4 /* PBXContainerItemProxy */;
		};
/* End PBXTargetDependency section */

/* Begin PBXVariantGroup section */
		0719755719F88A81002A8AC4 /* Main.storyboard */ = {
			isa = PBXVariantGroup;
			children = (
				0719755819F88A81002A8AC4 /* Base */,
			);
			name = Main.storyboard;
			sourceTree = "<group>";
		};
		0719755C19F88A81002A8AC4 /* LaunchScreen.xib */ = {
			isa = PBXVariantGroup;
			children = (
				0719755D19F88A81002A8AC4 /* Base */,
			);
			name = LaunchScreen.xib;
			sourceTree = "<group>";
		};
/* End PBXVariantGroup section */

/* Begin XCBuildConfiguration section */
		0719756B19F88A81002A8AC4 /* Debug */ = {
			isa = XCBuildConfiguration;
			buildSettings = {
				ALWAYS_SEARCH_USER_PATHS = NO;
				CLANG_CXX_LANGUAGE_STANDARD = "gnu++0x";
				CLANG_CXX_LIBRARY = "libc++";
				CLANG_ENABLE_MODULES = YES;
				CLANG_ENABLE_OBJC_ARC = YES;
				CLANG_WARN_BOOL_CONVERSION = YES;
				CLANG_WARN_CONSTANT_CONVERSION = YES;
				CLANG_WARN_DIRECT_OBJC_ISA_USAGE = YES_ERROR;
				CLANG_WARN_EMPTY_BODY = YES;
				CLANG_WARN_ENUM_CONVERSION = YES;
				CLANG_WARN_INT_CONVERSION = YES;
				CLANG_WARN_OBJC_ROOT_CLASS = YES_ERROR;
				CLANG_WARN_UNREACHABLE_CODE = YES;
				CLANG_WARN__DUPLICATE_METHOD_MATCH = YES;
				"CODE_SIGN_IDENTITY[sdk=iphoneos*]" = "iPhone Developer";
				COPY_PHASE_STRIP = NO;
				ENABLE_STRICT_OBJC_MSGSEND = YES;
				GCC_C_LANGUAGE_STANDARD = gnu99;
				GCC_DYNAMIC_NO_PIC = NO;
				GCC_OPTIMIZATION_LEVEL = 0;
				GCC_PREPROCESSOR_DEFINITIONS = (
					"DEBUG=1",
					"$(inherited)",
				);
				GCC_SYMBOLS_PRIVATE_EXTERN = NO;
				GCC_WARN_64_TO_32_BIT_CONVERSION = YES;
				GCC_WARN_ABOUT_RETURN_TYPE = YES_ERROR;
				GCC_WARN_UNDECLARED_SELECTOR = YES;
				GCC_WARN_UNINITIALIZED_AUTOS = YES_AGGRESSIVE;
				GCC_WARN_UNUSED_FUNCTION = YES;
				GCC_WARN_UNUSED_VARIABLE = YES;
				IPHONEOS_DEPLOYMENT_TARGET = 8.0;
				MTL_ENABLE_DEBUG_INFO = YES;
				ONLY_ACTIVE_ARCH = YES;
				SDKROOT = iphoneos;
				TARGETED_DEVICE_FAMILY = "1,2";
			};
			name = Debug;
		};
		0719756C19F88A81002A8AC4 /* Release */ = {
			isa = XCBuildConfiguration;
			buildSettings = {
				ALWAYS_SEARCH_USER_PATHS = NO;
				CLANG_CXX_LANGUAGE_STANDARD = "gnu++0x";
				CLANG_CXX_LIBRARY = "libc++";
				CLANG_ENABLE_MODULES = YES;
				CLANG_ENABLE_OBJC_ARC = YES;
				CLANG_WARN_BOOL_CONVERSION = YES;
				CLANG_WARN_CONSTANT_CONVERSION = YES;
				CLANG_WARN_DIRECT_OBJC_ISA_USAGE = YES_ERROR;
				CLANG_WARN_EMPTY_BODY = YES;
				CLANG_WARN_ENUM_CONVERSION = YES;
				CLANG_WARN_INT_CONVERSION = YES;
				CLANG_WARN_OBJC_ROOT_CLASS = YES_ERROR;
				CLANG_WARN_UNREACHABLE_CODE = YES;
				CLANG_WARN__DUPLICATE_METHOD_MATCH = YES;
				"CODE_SIGN_IDENTITY[sdk=iphoneos*]" = "iPhone Developer";
				COPY_PHASE_STRIP = YES;
				ENABLE_NS_ASSERTIONS = NO;
				ENABLE_STRICT_OBJC_MSGSEND = YES;
				GCC_C_LANGUAGE_STANDARD = gnu99;
				GCC_WARN_64_TO_32_BIT_CONVERSION = YES;
				GCC_WARN_ABOUT_RETURN_TYPE = YES_ERROR;
				GCC_WARN_UNDECLARED_SELECTOR = YES;
				GCC_WARN_UNINITIALIZED_AUTOS = YES_AGGRESSIVE;
				GCC_WARN_UNUSED_FUNCTION = YES;
				GCC_WARN_UNUSED_VARIABLE = YES;
				IPHONEOS_DEPLOYMENT_TARGET = 8.0;
				MTL_ENABLE_DEBUG_INFO = NO;
				SDKROOT = iphoneos;
				TARGETED_DEVICE_FAMILY = "1,2";
				VALIDATE_PRODUCT = YES;
			};
			name = Release;
		};
		0719756E19F88A81002A8AC4 /* Debug */ = {
			isa = XCBuildConfiguration;
			buildSettings = {
				ASSETCATALOG_COMPILER_APPICON_NAME = AppIcon;
				INFOPLIST_FILE = MapEditor/Info.plist;
				LD_RUNPATH_SEARCH_PATHS = "$(inherited) @executable_path/Frameworks";
				PRODUCT_NAME = "$(TARGET_NAME)";
			};
			name = Debug;
		};
		0719756F19F88A81002A8AC4 /* Release */ = {
			isa = XCBuildConfiguration;
			buildSettings = {
				ASSETCATALOG_COMPILER_APPICON_NAME = AppIcon;
				INFOPLIST_FILE = MapEditor/Info.plist;
				LD_RUNPATH_SEARCH_PATHS = "$(inherited) @executable_path/Frameworks";
				PRODUCT_NAME = "$(TARGET_NAME)";
			};
			name = Release;
		};
		0719757119F88A81002A8AC4 /* Debug */ = {
			isa = XCBuildConfiguration;
			buildSettings = {
				BUNDLE_LOADER = "$(TEST_HOST)";
				FRAMEWORK_SEARCH_PATHS = (
					"$(SDKROOT)/Developer/Library/Frameworks",
					"$(inherited)",
				);
				GCC_PREPROCESSOR_DEFINITIONS = (
					"DEBUG=1",
					"$(inherited)",
				);
				INFOPLIST_FILE = MapEditorTests/Info.plist;
				LD_RUNPATH_SEARCH_PATHS = "$(inherited) @executable_path/Frameworks @loader_path/Frameworks";
				PRODUCT_NAME = "$(TARGET_NAME)";
				TEST_HOST = "$(BUILT_PRODUCTS_DIR)/MapEditor.app/MapEditor";
			};
			name = Debug;
		};
		0719757219F88A81002A8AC4 /* Release */ = {
			isa = XCBuildConfiguration;
			buildSettings = {
				BUNDLE_LOADER = "$(TEST_HOST)";
				FRAMEWORK_SEARCH_PATHS = (
					"$(SDKROOT)/Developer/Library/Frameworks",
					"$(inherited)",
				);
				INFOPLIST_FILE = MapEditorTests/Info.plist;
				LD_RUNPATH_SEARCH_PATHS = "$(inherited) @executable_path/Frameworks @loader_path/Frameworks";
				PRODUCT_NAME = "$(TARGET_NAME)";
				TEST_HOST = "$(BUILT_PRODUCTS_DIR)/MapEditor.app/MapEditor";
			};
			name = Release;
		};
/* End XCBuildConfiguration section */

/* Begin XCConfigurationList section */
		0719754519F88A80002A8AC4 /* Build configuration list for PBXProject "MapEditor" */ = {
			isa = XCConfigurationList;
			buildConfigurations = (
				0719756B19F88A81002A8AC4 /* Debug */,
				0719756C19F88A81002A8AC4 /* Release */,
			);
			defaultConfigurationIsVisible = 0;
			defaultConfigurationName = Release;
		};
		0719756D19F88A81002A8AC4 /* Build configuration list for PBXNativeTarget "MapEditor" */ = {
			isa = XCConfigurationList;
			buildConfigurations = (
				0719756E19F88A81002A8AC4 /* Debug */,
				0719756F19F88A81002A8AC4 /* Release */,
			);
			defaultConfigurationIsVisible = 0;
		};
		0719757019F88A81002A8AC4 /* Build configuration list for PBXNativeTarget "MapEditorTests" */ = {
			isa = XCConfigurationList;
			buildConfigurations = (
				0719757119F88A81002A8AC4 /* Debug */,
				0719757219F88A81002A8AC4 /* Release */,
			);
			defaultConfigurationIsVisible = 0;
		};
/* End XCConfigurationList section */
	};
	rootObject = 0719754219F88A80002A8AC4 /* Project object */;
}
